
Microsoft Visual Studio Solution File, Format Version 12.00
# Visual Studio 15
VisualStudioVersion = 15.0.28010.2016
MinimumVisualStudioVersion = 10.0.40219.1
Project("{FAE04EC0-301F-11D3-BF4B-00C04F79EFBC}") = "Calculateur de Pret", "Calculateur de Pret\Calculateur de Pret.csproj", "{FD268201-19EB-44A6-8325-BC6643A7AFD0}"
EndProject
Global
	GlobalSection(SolutionConfigurationPlatforms) = preSolution
		Debug|Any CPU = Debug|Any CPU
		Release|Any CPU = Release|Any CPU
	EndGlobalSection
	GlobalSection(ProjectConfigurationPlatforms) = postSolution
		{FD268201-19EB-44A6-8325-BC6643A7AFD0}.Debug|Any CPU.ActiveCfg = Debug|Any CPU
		{FD268201-19EB-44A6-8325-BC6643A7AFD0}.Debug|Any CPU.Build.0 = Debug|Any CPU
		{FD268201-19EB-44A6-8325-BC6643A7AFD0}.Release|Any CPU.ActiveCfg = Release|Any CPU
		{FD268201-19EB-44A6-8325-BC6643A7AFD0}.Release|Any CPU.Build.0 = Release|Any CPU
	EndGlobalSection
	GlobalSection(SolutionProperties) = preSolution
		HideSolutionNode = FALSE
	EndGlobalSection
	GlobalSection(ExtensibilityGlobals) = postSolution
		SolutionGuid = {87D53AA7-8551-4965-A077-D32405977BC3}
	EndGlobalSection
EndGlobal
